
Microsoft Visual Studio Solution File, Format Version 12.00
# Visual Studio Version 16
VisualStudioVersion = 16.0.30114.105
MinimumVisualStudioVersion = 10.0.40219.1
Project("{FAE04EC0-301F-11D3-BF4B-00C04F79EFBC}") = "MyApp", "MyApp\MyApp.csproj", "{BA63C50B-2EC8-4DF2-BB3F-778F27F1CB51}"
EndProject
Project("{FAE04EC0-301F-11D3-BF4B-00C04F79EFBC}") = "MyApp.Tests", "MyApp.Tests\MyApp.Tests.csproj", "{FD37130C-73FF-42D4-9188-BC8DE14BA714}"
EndProject
Global
	GlobalSection(SolutionConfigurationPlatforms) = preSolution
		Debug|Any CPU = Debug|Any CPU
		Release|Any CPU = Release|Any CPU
	EndGlobalSection
	GlobalSection(SolutionProperties) = preSolution
		HideSolutionNode = FALSE
	EndGlobalSection
	GlobalSection(ProjectConfigurationPlatforms) = postSolution
		{BA63C50B-2EC8-4DF2-BB3F-778F27F1CB51}.Debug|Any CPU.ActiveCfg = Debug|Any CPU
		{BA63C50B-2EC8-4DF2-BB3F-778F27F1CB51}.Debug|Any CPU.Build.0 = Debug|Any CPU
		{BA63C50B-2EC8-4DF2-BB3F-778F27F1CB51}.Release|Any CPU.ActiveCfg = Release|Any CPU
		{BA63C50B-2EC8-4DF2-BB3F-778F27F1CB51}.Release|Any CPU.Build.0 = Release|Any CPU
		{FD37130C-73FF-42D4-9188-BC8DE14BA714}.Debug|Any CPU.ActiveCfg = Debug|Any CPU
		{FD37130C-73FF-42D4-9188-BC8DE14BA714}.Debug|Any CPU.Build.0 = Debug|Any CPU
		{FD37130C-73FF-42D4-9188-BC8DE14BA714}.Release|Any CPU.ActiveCfg = Release|Any CPU
		{FD37130C-73FF-42D4-9188-BC8DE14BA714}.Release|Any CPU.Build.0 = Release|Any CPU
	EndGlobalSection
EndGlobal
